{
    "name": "mdmerge",
    "version": "1.2.0",
    "lockfileVersion": 1,
    "requires": true,
    "dependencies": {
        "ifopt": {
            "version": "1.4.1",
            "resolved": "https://registry.npmjs.org/ifopt/-/ifopt-1.4.1.tgz",
            "integrity": "sha512-I5A3PO4war+mv46bQh6C9ovoCzui8oGyCFC76XccY1r+luuiRWh7Vt07JA6YYIhmEQGyw7mSYPvFVsoqD2ABlw=="
        }
    }
}
