{
    "name": "mdmerge",
    "version": "1.2.1",
    "lockfileVersion": 1,
    "requires": true,
    "dependencies": {
        "ifopt": {
            "version": "1.5.0",
            "resolved": "https://registry.npmjs.org/ifopt/-/ifopt-1.5.0.tgz",
            "integrity": "sha512-3F+RLrkJFRalTkkWGLqStUjtBy9Cc0AS6qWTqhOUNVkQq0smQW03ELNh6kouzVl1l+AYNcW+7I7wgh8Ft/ELVg=="
        }
    }
}
